PODS:
  - Flutter (1.0.0)
  - geocoding (1.0.5):
    - Flutter
  - "geolocator (5.3.2+2)":
    - Flutter
  - location (0.0.1):
    - Flutter
  - "location_permissions (3.0.0+1)":
    - Flutter
  - package_info (0.0.1):
    - Flutter
  - shared_preferences (0.0.1):
    - Flutter
  - url_launcher (0.0.1):
    - Flutter
  - webview_flutter (0.0.1):
    - Flutter

DEPENDENCIES:
  - Flutter (from `Flutter`)
  - geocoding (from `.symlinks/plugins/geocoding/ios`)
  - geolocator (from `.symlinks/plugins/geolocator/ios`)
  - location (from `.symlinks/plugins/location/ios`)
  - location_permissions (from `.symlinks/plugins/location_permissions/ios`)
  - package_info (from `.symlinks/plugins/package_info/ios`)
  - shared_preferences (from `.symlinks/plugins/shared_preferences/ios`)
  - url_launcher (from `.symlinks/plugins/url_launcher/ios`)
  - webview_flutter (from `.symlinks/plugins/webview_flutter/ios`)

EXTERNAL SOURCES:
  Flutter:
    :path: Flutter
  geocoding:
    :path: ".symlinks/plugins/geocoding/ios"
  geolocator:
    :path: ".symlinks/plugins/geolocator/ios"
  location:
    :path: ".symlinks/plugins/location/ios"
  location_permissions:
    :path: ".symlinks/plugins/location_permissions/ios"
  package_info:
    :path: ".symlinks/plugins/package_info/ios"
  shared_preferences:
    :path: ".symlinks/plugins/shared_preferences/ios"
  url_launcher:
    :path: ".symlinks/plugins/url_launcher/ios"
  webview_flutter:
    :path: ".symlinks/plugins/webview_flutter/ios"

SPEC CHECKSUMS:
  Flutter: 0e3d915762c693b495b44d77113d4970485de6ec
  geocoding: 32cfcdb16d38d907caaba65e2e42ad10d38bee58
  geolocator: f7622e0e7e2a24718285b73916d60c4a54b9f5b6
  location: 3a2eed4dd2fab25e7b7baf2a9efefe82b512d740
  location_permissions: 7e0f9aa0f60deb8ff93ddf0e2a164c7e8197bc94
  package_info: 873975fc26034f0b863a300ad47e7f1ac6c7ec62
  shared_preferences: af6bfa751691cdc24be3045c43ec037377ada40d
  url_launcher: 6fef411d543ceb26efce54b05a0a40bfd74cbbef
  webview_flutter: d2b4d6c66968ad042ad94cbb791f5b72b4678a96

PODFILE CHECKSUM: aafe91acc616949ddb318b77800a7f51bffa2a4c

COCOAPODS: 1.10.2
